// !$*UTF8*$!
{
	archiveVersion = 1;
	classes = {
	};
	objectVersion = 46;
	objects = {

/* Begin PBXBuildFile section */
		B6D177831AE025CF0007E9A6 /* main.m in Sources */ = {isa = PBXBuildFile; fileRef = B6D177821AE025CF0007E9A6 /* main.m */; };
		B6D177861AE025CF0007E9A6 /* AppDelegate.m in Sources */ = {isa = PBXBuildFile; fileRef = B6D177851AE025CF0007E9A6 /* AppDelegate.m */; };
		B6D177891AE025CF0007E9A6 /* ViewController.m in Sources */ = {isa = PBXBuildFile; fileRef = B6D177881AE025CF0007E9A6 /* ViewController.m */; };
		B6D1778C1AE025CF0007E9A6 /* Main.storyboard in Resources */ = {isa = PBXBuildFile; fileRef = B6D1778A1AE025CF0007E9A6 /* Main.storyboard */; };
		B6D1778E1AE025CF0007E9A6 /* Images.xcassets in Resources */ = {isa = PBXBuildFile; fileRef = B6D1778D1AE025CF0007E9A6 /* Images.xcassets */; };
		B6D177911AE025CF0007E9A6 /* LaunchScreen.xib in Resources */ = {isa = PBXBuildFile; fileRef = B6D1778F1AE025CF0007E9A6 /* LaunchScreen.xib */; };
		B6D1779D1AE025D00007E9A6 /* TestTests.m in Sources */ = {isa = PBXBuildFile; fileRef = B6D1779C1AE025D00007E9A6 /* TestTests.m */; };
/* End PBXBuildFile section */

/* Begin PBXContainerItemProxy section */
		B6D177971AE025D00007E9A6 /* PBXContainerItemProxy */ = {
			isa = PBXContainerItemProxy;
			containerPortal = B6D177751AE025CF0007E9A6 /* Project object */;
			proxyType = 1;
			remoteGlobalIDString = B6D1777C1AE025CF0007E9A6;
			remoteInfo = Test;
		};
/* End PBXContainerItemProxy section */

/* Begin PBXFileReference section */
		B6D1777D1AE025CF0007E9A6 /* Test.app */ = {isa = PBXFileReference; explicitFileType = wrapper.application; includeInIndex = 0; path = Test.app; sourceTree = BUILT_PRODUCTS_DIR; };
		B6D177811AE025CF0007E9A6 /* Info.plist */ = {isa = PBXFileReference; lastKnownFileType = text.plist.xml; path = Info.plist; sourceTree = "<group>"; };
		B6D177821AE025CF0007E9A6 /* main.m */ = {isa = PBXFileReference; lastKnownFileType = sourcecode.c.objc; path = main.m; sourceTree = "<group>"; };
		B6D177841AE025CF0007E9A6 /* AppDelegate.h */ = {isa = PBXFileReference; lastKnownFileType = sourcecode.c.h; path = AppDelegate.h; sourceTree = "<group>"; };
		B6D177851AE025CF0007E9A6 /* AppDelegate.m */ = {isa = PBXFileReference; lastKnownFileType = sourcecode.c.objc; path = AppDelegate.m; sourceTree = "<group>"; };
		B6D177871AE025CF0007E9A6 /* ViewController.h */ = {isa = PBXFileReference; lastKnownFileType = sourcecode.c.h; path = ViewController.h; sourceTree = "<group>"; };
		B6D177881AE025CF0007E9A6 /* ViewController.m */ = {isa = PBXFileReference; lastKnownFileType = sourcecode.c.objc; path = ViewController.m; sourceTree = "<group>"; };
		B6D1778B1AE025CF0007E9A6 /* Base */ = {isa = PBXFileReference; lastKnownFileType = file.storyboard; name = Base; path = Base.lproj/Main.storyboard; sourceTree = "<group>"; };
		B6D1778D1AE025CF0007E9A6 /* Images.xcassets */ = {isa = PBXFileReference; lastKnownFileType = folder.assetcatalog; path = Images.xcassets; sourceTree = "<group>"; };
		B6D177901AE025CF0007E9A6 /* Base */ = {isa = PBXFileReference; lastKnownFileType = file.xib; name = Base; path = Base.lproj/LaunchScreen.xib; sourceTree = "<group>"; };
		B6D177961AE025D00007E9A6 /* TestTests.xctest */ = {isa = PBXFileReference; explicitFileType = wrapper.cfbundle; includeInIndex = 0; path = TestTests.xctest; sourceTree = BUILT_PRODUCTS_DIR; };
		B6D1779B1AE025D00007E9A6 /* Info.plist */ = {isa = PBXFileReference; lastKnownFileType = text.plist.xml; path = Info.plist; sourceTree = "<group>"; };
		B6D1779C1AE025D00007E9A6 /* TestTests.m */ = {isa = PBXFileReference; lastKnownFileType = sourcecode.c.objc; path = TestTests.m; sourceTree = "<group>"; };
/* End PBXFileReference section */

/* Begin PBXFrameworksBuildPhase section */
		B6D1777A1AE025CF0007E9A6 /* Frameworks */ = {
			isa = PBXFrameworksBuildPhase;
			buildActionMask = 2147483647;
			files = (
			);
			runOnlyForDeploymentPostprocessing = 0;
		};
		B6D177931AE025D00007E9A6 /* Frameworks */ = {
			isa = PBXFrameworksBuildPhase;
			buildActionMask = 2147483647;
			files = (
			);
			runOnlyForDeploymentPostprocessing = 0;
		};
/* End PBXFrameworksBuildPhase section */

/* Begin PBXGroup section */
		B6D177741AE025CF0007E9A6 = {
			isa = PBXGroup;
			children = (
				B6D1777F1AE025CF0007E9A6 /* Test */,
				B6D177991AE025D00007E9A6 /* TestTests */,
				B6D1777E1AE025CF0007E9A6 /* Products */,
			);
			sourceTree = "<group>";
		};
		B6D1777E1AE025CF0007E9A6 /* Products */ = {
			isa = PBXGroup;
			children = (
				B6D1777D1AE025CF0007E9A6 /* Test.app */,
				B6D177961AE025D00007E9A6 /* TestTests.xctest */,
			);
			name = Products;
			sourceTree = "<group>";
		};
		B6D1777F1AE025CF0007E9A6 /* Test */ = {
			isa = PBXGroup;
			children = (
				B6D177841AE025CF0007E9A6 /* AppDelegate.h */,
				B6D177851AE025CF0007E9A6 /* AppDelegate.m */,
				B6D177871AE025CF0007E9A6 /* ViewController.h */,
				B6D177881AE025CF0007E9A6 /* ViewController.m */,
				B6D1778A1AE025CF0007E9A6 /* Main.storyboard */,
				B6D1778D1AE025CF0007E9A6 /* Images.xcassets */,
				B6D1778F1AE025CF0007E9A6 /* LaunchScreen.xib */,
				B6D177801AE025CF0007E9A6 /* Supporting Files */,
			);
			path = Test;
			sourceTree = "<group>";
		};
		B6D177801AE025CF0007E9A6 /* Supporting Files */ = {
			isa = PBXGroup;
			children = (
				B6D177811AE025CF0007E9A6 /* Info.plist */,
				B6D177821AE025CF0007E9A6 /* main.m */,
			);
			name = "Supporting Files";
			sourceTree = "<group>";
		};
		B6D177991AE025D00007E9A6 /* TestTests */ = {
			isa = PBXGroup;
			children = (
				B6D1779C1AE025D00007E9A6 /* TestTests.m */,
				B6D1779A1AE025D00007E9A6 /* Supporting Files */,
			);
			path = TestTests;
			sourceTree = "<group>";
		};
		B6D1779A1AE025D00007E9A6 /* Supporting Files */ = {
			isa = PBXGroup;
			children = (
				B6D1779B1AE025D00007E9A6 /* Info.plist */,
			);
			name = "Supporting Files";
			sourceTree = "<group>";
		};
/* End PBXGroup section */

/* Begin PBXNativeTarget section */
		B6D1777C1AE025CF0007E9A6 /* Test */ = {
			isa = PBXNativeTarget;
			buildConfigurationList = B6D177A01AE025D00007E9A6 /* Build configuration list for PBXNativeTarget "Test" */;
			buildPhases = (
				B6D177791AE025CF0007E9A6 /* Sources */,
				B6D1777A1AE025CF0007E9A6 /* Frameworks */,
				B6D1777B1AE025CF0007E9A6 /* Resources */,
			);
			buildRules = (
			);
			dependencies = (
			);
			name = Test;
			productName = Test;
			productReference = B6D1777D1AE025CF0007E9A6 /* Test.app */;
			productType = "com.apple.product-type.application";
		};
		B6D177951AE025D00007E9A6 /* TestTests */ = {
			isa = PBXNativeTarget;
			buildConfigurationList = B6D177A31AE025D00007E9A6 /* Build configuration list for PBXNativeTarget "TestTests" */;
			buildPhases = (
				B6D177921AE025D00007E9A6 /* Sources */,
				B6D177931AE025D00007E9A6 /* Frameworks */,
				B6D177941AE025D00007E9A6 /* Resources */,
			);
			buildRules = (
			);
			dependencies = (
				B6D177981AE025D00007E9A6 /* PBXTargetDependency */,
			);
			name = TestTests;
			productName = TestTests;
			productReference = B6D177961AE025D00007E9A6 /* TestTests.xctest */;
			productType = "com.apple.product-type.bundle.unit-test";
		};
/* End PBXNativeTarget section */

/* Begin PBXProject section */
		B6D177751AE025CF0007E9A6 /* Project object */ = {
			isa = PBXProject;
			attributes = {
				LastUpgradeCheck = 0630;
				ORGANIZATIONNAME = "guillaume MAIANO";
				TargetAttributes = {
					B6D1777C1AE025CF0007E9A6 = {
						CreatedOnToolsVersion = 6.3;
					};
					B6D177951AE025D00007E9A6 = {
						CreatedOnToolsVersion = 6.3;
						TestTargetID = B6D1777C1AE025CF0007E9A6;
					};
				};
			};
			buildConfigurationList = B6D177781AE025CF0007E9A6 /* Build configuration list for PBXProject "Test" */;
			compatibilityVersion = "Xcode 3.2";
			developmentRegion = English;
			hasScannedForEncodings = 0;
			knownRegions = (
				en,
				Base,
			);
			mainGroup = B6D177741AE025CF0007E9A6;
			productRefGroup = B6D1777E1AE025CF0007E9A6 /* Products */;
			projectDirPath = "";
			projectRoot = "";
			targets = (
				B6D1777C1AE025CF0007E9A6 /* Test */,
				B6D177951AE025D00007E9A6 /* TestTests */,
			);
		};
/* End PBXProject section */

/* Begin PBXResourcesBuildPhase section */
		B6D1777B1AE025CF0007E9A6 /* Resources */ = {
			isa = PBXResourcesBuildPhase;
			buildActionMask = 2147483647;
			files = (
				B6D1778C1AE025CF0007E9A6 /* Main.storyboard in Resources */,
				B6D177911AE025CF0007E9A6 /* LaunchScreen.xib in Resources */,
				B6D1778E1AE025CF0007E9A6 /* Images.xcassets in Resources */,
			);
			runOnlyForDeploymentPostprocessing = 0;
		};
		B6D177941AE025D00007E9A6 /* Resources */ = {
			isa = PBXResourcesBuildPhase;
			buildActionMask = 2147483647;
			files = (
			);
			runOnlyForDeploymentPostprocessing = 0;
		};
/* End PBXResourcesBuildPhase section */

/* Begin PBXSourcesBuildPhase section */
		B6D177791AE025CF0007E9A6 /* Sources */ = {
			isa = PBXSourcesBuildPhase;
			buildActionMask = 2147483647;
			files = (
				B6D177891AE025CF0007E9A6 /* ViewController.m in Sources */,
				B6D177861AE025CF0007E9A6 /* AppDelegate.m in Sources */,
				B6D177831AE025CF0007E9A6 /* main.m in Sources */,
			);
			runOnlyForDeploymentPostprocessing = 0;
		};
		B6D177921AE025D00007E9A6 /* Sources */ = {
			isa = PBXSourcesBuildPhase;
			buildActionMask = 2147483647;
			files = (
				B6D1779D1AE025D00007E9A6 /* TestTests.m in Sources */,
			);
			runOnlyForDeploymentPostprocessing = 0;
		};
/* End PBXSourcesBuildPhase section */

/* Begin PBXTargetDependency section */
		B6D177981AE025D00007E9A6 /* PBXTargetDependency */ = {
			isa = PBXTargetDependency;
			target = B6D1777C1AE025CF0007E9A6 /* Test */;
			targetProxy = B6D177971AE025D00007E9A6 /* PBXContainerItemProxy */;
		};
/* End PBXTargetDependency section */

/* Begin PBXVariantGroup section */
		B6D1778A1AE025CF0007E9A6 /* Main.storyboard */ = {
			isa = PBXVariantGroup;
			children = (
				B6D1778B1AE025CF0007E9A6 /* Base */,
			);
			name = Main.storyboard;
			sourceTree = "<group>";
		};
		B6D1778F1AE025CF0007E9A6 /* LaunchScreen.xib */ = {
			isa = PBXVariantGroup;
			children = (
				B6D177901AE025CF0007E9A6 /* Base */,
			);
			name = LaunchScreen.xib;
			sourceTree = "<group>";
		};
/* End PBXVariantGroup section */

/* Begin XCBuildConfiguration section */
		B6D1779E1AE025D00007E9A6 /* Debug */ = {
			isa = XCBuildConfiguration;
			buildSettings = {
				ALWAYS_SEARCH_USER_PATHS = NO;
				CLANG_CXX_LANGUAGE_STANDARD = "gnu++0x";
				CLANG_CXX_LIBRARY = "libc++";
				CLANG_ENABLE_MODULES = YES;
				CLANG_ENABLE_OBJC_ARC = YES;
				CLANG_WARN_BOOL_CONVERSION = YES;
				CLANG_WARN_CONSTANT_CONVERSION = YES;
				CLANG_WARN_DIRECT_OBJC_ISA_USAGE = YES_ERROR;
				CLANG_WARN_EMPTY_BODY = YES;
				CLANG_WARN_ENUM_CONVERSION = YES;
				CLANG_WARN_INT_CONVERSION = YES;
				CLANG_WARN_OBJC_ROOT_CLASS = YES_ERROR;
				CLANG_WARN_UNREACHABLE_CODE = YES;
				CLANG_WARN__DUPLICATE_METHOD_MATCH = YES;
				"CODE_SIGN_IDENTITY[sdk=iphoneos*]" = "iPhone Developer";
				COPY_PHASE_STRIP = NO;
				DEBUG_INFORMATION_FORMAT = "dwarf-with-dsym";
				ENABLE_STRICT_OBJC_MSGSEND = YES;
				GCC_C_LANGUAGE_STANDARD = gnu99;
				GCC_DYNAMIC_NO_PIC = NO;
				GCC_NO_COMMON_BLOCKS = YES;
				GCC_OPTIMIZATION_LEVEL = 0;
				GCC_PREPROCESSOR_DEFINITIONS = (
					"DEBUG=1",
					"$(inherited)",
				);
				GCC_SYMBOLS_PRIVATE_EXTERN = NO;
				GCC_WARN_64_TO_32_BIT_CONVERSION = YES;
				GCC_WARN_ABOUT_RETURN_TYPE = YES_ERROR;
				GCC_WARN_UNDECLARED_SELECTOR = YES;
				GCC_WARN_UNINITIALIZED_AUTOS = YES_AGGRESSIVE;
				GCC_WARN_UNUSED_FUNCTION = YES;
				GCC_WARN_UNUSED_VARIABLE = YES;
				IPHONEOS_DEPLOYMENT_TARGET = 8.3;
				MTL_ENABLE_DEBUG_INFO = YES;
				ONLY_ACTIVE_ARCH = YES;
				SDKROOT = iphoneos;
			};
			name = Debug;
		};
		B6D1779F1AE025D00007E9A6 /* Release */ = {
			isa = XCBuildConfiguration;
			buildSettings = {
				ALWAYS_SEARCH_USER_PATHS = NO;
				CLANG_CXX_LANGUAGE_STANDARD = "gnu++0x";
				CLANG_CXX_LIBRARY = "libc++";
				CLANG_ENABLE_MODULES = YES;
				CLANG_ENABLE_OBJC_ARC = YES;
				CLANG_WARN_BOOL_CONVERSION = YES;
				CLANG_WARN_CONSTANT_CONVERSION = YES;
				CLANG_WARN_DIRECT_OBJC_ISA_USAGE = YES_ERROR;
				CLANG_WARN_EMPTY_BODY = YES;
				CLANG_WARN_ENUM_CONVERSION = YES;
				CLANG_WARN_INT_CONVERSION = YES;
				CLANG_WARN_OBJC_ROOT_CLASS = YES_ERROR;
				CLANG_WARN_UNREACHABLE_CODE = YES;
				CLANG_WARN__DUPLICATE_METHOD_MATCH = YES;
				"CODE_SIGN_IDENTITY[sdk=iphoneos*]" = "iPhone Developer";
				COPY_PHASE_STRIP = NO;
				DEBUG_INFORMATION_FORMAT = "dwarf-with-dsym";
				ENABLE_NS_ASSERTIONS = NO;
				ENABLE_STRICT_OBJC_MSGSEND = YES;
				GCC_C_LANGUAGE_STANDARD = gnu99;
				GCC_NO_COMMON_BLOCKS = YES;
				GCC_WARN_64_TO_32_BIT_CONVERSION = YES;
				GCC_WARN_ABOUT_RETURN_TYPE = YES_ERROR;
				GCC_WARN_UNDECLARED_SELECTOR = YES;
				GCC_WARN_UNINITIALIZED_AUTOS = YES_AGGRESSIVE;
				GCC_WARN_UNUSED_FUNCTION = YES;
				GCC_WARN_UNUSED_VARIABLE = YES;
				IPHONEOS_DEPLOYMENT_TARGET = 8.3;
				MTL_ENABLE_DEBUG_INFO = NO;
				SDKROOT = iphoneos;
				VALIDATE_PRODUCT = YES;
			};
			name = Release;
		};
		B6D177A11AE025D00007E9A6 /* Debug */ = {
			isa = XCBuildConfiguration;
			buildSettings = {
				ASSETCATALOG_COMPILER_APPICON_NAME = AppIcon;
				INFOPLIST_FILE = Test/Info.plist;
				LD_RUNPATH_SEARCH_PATHS = "$(inherited) @executable_path/Frameworks";
				PRODUCT_NAME = "$(TARGET_NAME)";
			};
			name = Debug;
		};
		B6D177A21AE025D00007E9A6 /* Release */ = {
			isa = XCBuildConfiguration;
			buildSettings = {
				ASSETCATALOG_COMPILER_APPICON_NAME = AppIcon;
				INFOPLIST_FILE = Test/Info.plist;
				LD_RUNPATH_SEARCH_PATHS = "$(inherited) @executable_path/Frameworks";
				PRODUCT_NAME = "$(TARGET_NAME)";
			};
			name = Release;
		};
		B6D177A41AE025D00007E9A6 /* Debug */ = {
			isa = XCBuildConfiguration;
			buildSettings = {
				BUNDLE_LOADER = "$(TEST_HOST)";
				FRAMEWORK_SEARCH_PATHS = (
					"$(SDKROOT)/Developer/Library/Frameworks",
					"$(inherited)",
				);
				GCC_PREPROCESSOR_DEFINITIONS = (
					"DEBUG=1",
					"$(inherited)",
				);
				INFOPLIST_FILE = TestTests/Info.plist;
				LD_RUNPATH_SEARCH_PATHS = "$(inherited) @executable_path/Frameworks @loader_path/Frameworks";
				PRODUCT_NAME = "$(TARGET_NAME)";
				TEST_HOST = "$(BUILT_PRODUCTS_DIR)/Test.app/Test";
			};
			name = Debug;
		};
		B6D177A51AE025D00007E9A6 /* Release */ = {
			isa = XCBuildConfiguration;
			buildSettings = {
				BUNDLE_LOADER = "$(TEST_HOST)";
				FRAMEWORK_SEARCH_PATHS = (
					"$(SDKROOT)/Developer/Library/Frameworks",
					"$(inherited)",
				);
				INFOPLIST_FILE = TestTests/Info.plist;
				LD_RUNPATH_SEARCH_PATHS = "$(inherited) @executable_path/Frameworks @loader_path/Frameworks";
				PRODUCT_NAME = "$(TARGET_NAME)";
				TEST_HOST = "$(BUILT_PRODUCTS_DIR)/Test.app/Test";
			};
			name = Release;
		};
/* End XCBuildConfiguration section */

/* Begin XCConfigurationList section */
		B6D177781AE025CF0007E9A6 /* Build configuration list for PBXProject "Test" */ = {
			isa = XCConfigurationList;
			buildConfigurations = (
				B6D1779E1AE025D00007E9A6 /* Debug */,
				B6D1779F1AE025D00007E9A6 /* Release */,
			);
			defaultConfigurationIsVisible = 0;
			defaultConfigurationName = Release;
		};
		B6D177A01AE025D00007E9A6 /* Build configuration list for PBXNativeTarget "Test" */ = {
			isa = XCConfigurationList;
			buildConfigurations = (
				B6D177A11AE025D00007E9A6 /* Debug */,
				B6D177A21AE025D00007E9A6 /* Release */,
			);
			defaultConfigurationIsVisible = 0;
		};
		B6D177A31AE025D00007E9A6 /* Build configuration list for PBXNativeTarget "TestTests" */ = {
			isa = XCConfigurationList;
			buildConfigurations = (
				B6D177A41AE025D00007E9A6 /* Debug */,
				B6D177A51AE025D00007E9A6 /* Release */,
			);
			defaultConfigurationIsVisible = 0;
		};
/* End XCConfigurationList section */
	};
	rootObject = B6D177751AE025CF0007E9A6 /* Project object */;
}
